
Microsoft Visual Studio Solution File, Format Version 12.00
# Visual Studio Version 17
VisualStudioVersion = 17.4.33103.184
MinimumVisualStudioVersion = 10.0.40219.1
Project("{FAE04EC0-301F-11D3-BF4B-00C04F79EFBC}") = "FinishRefactor", "FinishRefactor\FinishRefactor.csproj", "{43E82E0F-544D-46D9-AFB6-8054FC2CD96C}"
EndProject
Global
	GlobalSection(SolutionConfigurationPlatforms) = preSolution
		Debug|Any CPU = Debug|Any CPU
		Release|Any CPU = Release|Any CPU
	EndGlobalSection
	GlobalSection(ProjectConfigurationPlatforms) = postSolution
		{43E82E0F-544D-46D9-AFB6-8054FC2CD96C}.Debug|Any CPU.ActiveCfg = Debug|Any CPU
		{43E82E0F-544D-46D9-AFB6-8054FC2CD96C}.Debug|Any CPU.Build.0 = Debug|Any CPU
		{43E82E0F-544D-46D9-AFB6-8054FC2CD96C}.Release|Any CPU.ActiveCfg = Release|Any CPU
		{43E82E0F-544D-46D9-AFB6-8054FC2CD96C}.Release|Any CPU.Build.0 = Release|Any CPU
	EndGlobalSection
	GlobalSection(SolutionProperties) = preSolution
		HideSolutionNode = FALSE
	EndGlobalSection
	GlobalSection(ExtensibilityGlobals) = postSolution
		SolutionGuid = {53A4851F-69A4-4B4B-B661-1DE6C7A52173}
	EndGlobalSection
EndGlobal
